// !$*UTF8*$!
{
	archiveVersion = 1;
	classes = {
	};
	objectVersion = 46;
	objects = {

/* Begin PBXBuildFile section */
		B908EC9B1BD1AAC7004C1107 /* CountdownUITests.swift in Sources */ = {isa = PBXBuildFile; fileRef = B908EC991BD1AAC7004C1107 /* CountdownUITests.swift */; };
		B908ECA21BD1AACF004C1107 /* CountdownTests.swift in Sources */ = {isa = PBXBuildFile; fileRef = B908ECA01BD1AACF004C1107 /* CountdownTests.swift */; };
		B908ECAD1BD1AAD7004C1107 /* Assets.xcassets in Resources */ = {isa = PBXBuildFile; fileRef = B908ECA51BD1AAD7004C1107 /* Assets.xcassets */; };
		B908ECAE1BD1AAD7004C1107 /* LaunchScreen.storyboard in Resources */ = {isa = PBXBuildFile; fileRef = B908ECA61BD1AAD7004C1107 /* LaunchScreen.storyboard */; };
		B908ECB11BD1AAD7004C1107 /* AppDelegate.swift in Sources */ = {isa = PBXBuildFile; fileRef = B908ECAC1BD1AAD7004C1107 /* AppDelegate.swift */; };
		B92BD26B1BEAC28C00053B0F /* NotificationCenter.framework in Frameworks */ = {isa = PBXBuildFile; fileRef = B92BD26A1BEAC28C00053B0F /* NotificationCenter.framework */; };
		B92BD2751BEAC28C00053B0F /* CountdownToday.appex in Embed App Extensions */ = {isa = PBXBuildFile; fileRef = B92BD2691BEAC28C00053B0F /* CountdownToday.appex */; settings = {ATTRIBUTES = (RemoveHeadersOnCopy, ); }; };
		B92BD2801BEAC3A400053B0F /* TodayViewController.swift in Sources */ = {isa = PBXBuildFile; fileRef = B92BD27E1BEAC3A400053B0F /* TodayViewController.swift */; };
		B943787B1BD5859400843636 /* Timepiece.framework in Frameworks */ = {isa = PBXBuildFile; fileRef = B943787A1BD5859400843636 /* Timepiece.framework */; };
		B94378801BD5860E00843636 /* Timepiece.framework.dSYM in Carthage - Copy Debug Symbols */ = {isa = PBXBuildFile; fileRef = B943787F1BD5860E00843636 /* Timepiece.framework.dSYM */; };
		B94378821BD5866800843636 /* CountdownController.swift in Sources */ = {isa = PBXBuildFile; fileRef = B94378811BD5866800843636 /* CountdownController.swift */; };
		B94378841BD587EE00843636 /* BirthdayController.swift in Sources */ = {isa = PBXBuildFile; fileRef = B94378831BD587EE00843636 /* BirthdayController.swift */; };
		B9AAC2951BE425C600BE94A1 /* ReactiveCocoa.framework in Frameworks */ = {isa = PBXBuildFile; fileRef = B9AAC2931BE425C600BE94A1 /* ReactiveCocoa.framework */; };
		B9AAC2961BE425C600BE94A1 /* Result.framework in Frameworks */ = {isa = PBXBuildFile; fileRef = B9AAC2941BE425C600BE94A1 /* Result.framework */; };
		B9AAC2991BE4263900BE94A1 /* Result.framework.dSYM in Carthage - Copy Debug Symbols */ = {isa = PBXBuildFile; fileRef = B9AAC2981BE425E700BE94A1 /* Result.framework.dSYM */; };
		B9AAC29A1BE4263900BE94A1 /* ReactiveCocoa.framework.dSYM in Carthage - Copy Debug Symbols */ = {isa = PBXBuildFile; fileRef = B9AAC2971BE425E700BE94A1 /* ReactiveCocoa.framework.dSYM */; };
		B9E60F771BE819810054172D /* CountdownKit.framework in Frameworks */ = {isa = PBXBuildFile; fileRef = B9E60F6D1BE819810054172D /* CountdownKit.framework */; };
		B9E60F821BE819810054172D /* CountdownKit.framework in Frameworks */ = {isa = PBXBuildFile; fileRef = B9E60F6D1BE819810054172D /* CountdownKit.framework */; };
		B9E60F841BE819810054172D /* CountdownKit.framework in Embed Frameworks */ = {isa = PBXBuildFile; fileRef = B9E60F6D1BE819810054172D /* CountdownKit.framework */; settings = {ATTRIBUTES = (CodeSignOnCopy, RemoveHeadersOnCopy, ); }; };
		B9E60F991BE81A660054172D /* NSCalendarCountdownTests.swift in Sources */ = {isa = PBXBuildFile; fileRef = B9E60F971BE81A660054172D /* NSCalendarCountdownTests.swift */; };
		B9E60FA01BE81A930054172D /* CountdownKit.h in Headers */ = {isa = PBXBuildFile; fileRef = B9E60F9E1BE81A930054172D /* CountdownKit.h */; settings = {ATTRIBUTES = (Public, ); }; };
		B9E60FA31BE81E480054172D /* CountdownViewModel.swift in Sources */ = {isa = PBXBuildFile; fileRef = B92C7FDC1BD6E44D00BA939F /* CountdownViewModel.swift */; };
		B9E60FA41BE81E4C0054172D /* NSCalendar+Countdown.swift in Sources */ = {isa = PBXBuildFile; fileRef = B99AF4231BE18EF100F5C559 /* NSCalendar+Countdown.swift */; };
		B9E60FA51BE81EF20054172D /* Result.framework in Frameworks */ = {isa = PBXBuildFile; fileRef = B9AAC2941BE425C600BE94A1 /* Result.framework */; };
		B9E60FA61BE81EF40054172D /* ReactiveCocoa.framework in Frameworks */ = {isa = PBXBuildFile; fileRef = B9AAC2931BE425C600BE94A1 /* ReactiveCocoa.framework */; };
		B9E60FA71BE81FBF0054172D /* Result.framework in Frameworks */ = {isa = PBXBuildFile; fileRef = B9AAC2941BE425C600BE94A1 /* Result.framework */; };
		B9E60FA81BE81FC20054172D /* ReactiveCocoa.framework in Frameworks */ = {isa = PBXBuildFile; fileRef = B9AAC2931BE425C600BE94A1 /* ReactiveCocoa.framework */; };
		B9E60FA91BE81FDD0054172D /* Result.framework in Frameworks */ = {isa = PBXBuildFile; fileRef = B9AAC2941BE425C600BE94A1 /* Result.framework */; };
		B9E60FAA1BE81FE00054172D /* ReactiveCocoa.framework in Frameworks */ = {isa = PBXBuildFile; fileRef = B9AAC2931BE425C600BE94A1 /* ReactiveCocoa.framework */; };
/* End PBXBuildFile section */

/* Begin PBXContainerItemProxy section */
		B908EC791BD1A9AF004C1107 /* PBXContainerItemProxy */ = {
			isa = PBXContainerItemProxy;
			containerPortal = B908EC5C1BD1A9AE004C1107 /* Project object */;
			proxyType = 1;
			remoteGlobalIDString = B908EC631BD1A9AE004C1107;
			remoteInfo = Countdown;
		};
		B908EC841BD1A9AF004C1107 /* PBXContainerItemProxy */ = {
			isa = PBXContainerItemProxy;
			containerPortal = B908EC5C1BD1A9AE004C1107 /* Project object */;
			proxyType = 1;
			remoteGlobalIDString = B908EC631BD1A9AE004C1107;
			remoteInfo = Countdown;
		};
		B92BD2731BEAC28C00053B0F /* PBXContainerItemProxy */ = {
			isa = PBXContainerItemProxy;
			containerPortal = B908EC5C1BD1A9AE004C1107 /* Project object */;
			proxyType = 1;
			remoteGlobalIDString = B92BD2681BEAC28C00053B0F;
			remoteInfo = CountdownToday;
		};
		B9E60F781BE819810054172D /* PBXContainerItemProxy */ = {
			isa = PBXContainerItemProxy;
			containerPortal = B908EC5C1BD1A9AE004C1107 /* Project object */;
			proxyType = 1;
			remoteGlobalIDString = B9E60F6C1BE819800054172D;
			remoteInfo = CountdownKit;
		};
		B9E60F7A1BE819810054172D /* PBXContainerItemProxy */ = {
			isa = PBXContainerItemProxy;
			containerPortal = B908EC5C1BD1A9AE004C1107 /* Project object */;
			proxyType = 1;
			remoteGlobalIDString = B908EC631BD1A9AE004C1107;
			remoteInfo = Countdown;
		};
		B9E60F801BE819810054172D /* PBXContainerItemProxy */ = {
			isa = PBXContainerItemProxy;
			containerPortal = B908EC5C1BD1A9AE004C1107 /* Project object */;
			proxyType = 1;
			remoteGlobalIDString = B9E60F6C1BE819800054172D;
			remoteInfo = CountdownKit;
		};
/* End PBXContainerItemProxy section */

/* Begin PBXCopyFilesBuildPhase section */
		B92BD2791BEAC28D00053B0F /* Embed App Extensions */ = {
			isa = PBXCopyFilesBuildPhase;
			buildActionMask = 2147483647;
			dstPath = "";
			dstSubfolderSpec = 13;
			files = (
				B92BD2751BEAC28C00053B0F /* CountdownToday.appex in Embed App Extensions */,
			);
			name = "Embed App Extensions";
			runOnlyForDeploymentPostprocessing = 0;
		};
		B943787D1BD585AD00843636 /* Carthage - Copy Debug Symbols */ = {
			isa = PBXCopyFilesBuildPhase;
			buildActionMask = 2147483647;
			dstPath = "";
			dstSubfolderSpec = 16;
			files = (
				B94378801BD5860E00843636 /* Timepiece.framework.dSYM in Carthage - Copy Debug Symbols */,
				B9AAC2991BE4263900BE94A1 /* Result.framework.dSYM in Carthage - Copy Debug Symbols */,
				B9AAC29A1BE4263900BE94A1 /* ReactiveCocoa.framework.dSYM in Carthage - Copy Debug Symbols */,
			);
			name = "Carthage - Copy Debug Symbols";
			runOnlyForDeploymentPostprocessing = 0;
		};
		B9E60F831BE819810054172D /* Embed Frameworks */ = {
			isa = PBXCopyFilesBuildPhase;
			buildActionMask = 2147483647;
			dstPath = "";
			dstSubfolderSpec = 10;
			files = (
				B9E60F841BE819810054172D /* CountdownKit.framework in Embed Frameworks */,
			);
			name = "Embed Frameworks";
			runOnlyForDeploymentPostprocessing = 0;
		};
/* End PBXCopyFilesBuildPhase section */

/* Begin PBXFileReference section */
		B908EC641BD1A9AE004C1107 /* Countdown.app */ = {isa = PBXFileReference; explicitFileType = wrapper.application; includeInIndex = 0; path = Countdown.app; sourceTree = BUILT_PRODUCTS_DIR; };
		B908EC781BD1A9AF004C1107 /* CountdownTests.xctest */ = {isa = PBXFileReference; explicitFileType = wrapper.cfbundle; includeInIndex = 0; path = CountdownTests.xctest; sourceTree = BUILT_PRODUCTS_DIR; };
		B908EC831BD1A9AF004C1107 /* CountdownUITests.xctest */ = {isa = PBXFileReference; explicitFileType = wrapper.cfbundle; includeInIndex = 0; path = CountdownUITests.xctest; sourceTree = BUILT_PRODUCTS_DIR; };
		B908EC971BD1AAC7004C1107 /* Info.plist */ = {isa = PBXFileReference; fileEncoding = 4; lastKnownFileType = text.plist.xml; path = Info.plist; sourceTree = "<group>"; };
		B908EC991BD1AAC7004C1107 /* CountdownUITests.swift */ = {isa = PBXFileReference; fileEncoding = 4; lastKnownFileType = sourcecode.swift; path = CountdownUITests.swift; sourceTree = "<group>"; };
		B908EC9E1BD1AACF004C1107 /* Info.plist */ = {isa = PBXFileReference; fileEncoding = 4; lastKnownFileType = text.plist.xml; path = Info.plist; sourceTree = "<group>"; };
		B908ECA01BD1AACF004C1107 /* CountdownTests.swift */ = {isa = PBXFileReference; fileEncoding = 4; lastKnownFileType = sourcecode.swift; path = CountdownTests.swift; sourceTree = "<group>"; };
		B908ECA51BD1AAD7004C1107 /* Assets.xcassets */ = {isa = PBXFileReference; lastKnownFileType = folder.assetcatalog; path = Assets.xcassets; sourceTree = "<group>"; };
		B908ECA71BD1AAD7004C1107 /* Base */ = {isa = PBXFileReference; lastKnownFileType = file.storyboard; name = Base; path = Base.lproj/LaunchScreen.storyboard; sourceTree = "<group>"; };
		B908ECAA1BD1AAD7004C1107 /* Info.plist */ = {isa = PBXFileReference; fileEncoding = 4; lastKnownFileType = text.plist.xml; path = Info.plist; sourceTree = "<group>"; };
		B908ECAC1BD1AAD7004C1107 /* AppDelegate.swift */ = {isa = PBXFileReference; fileEncoding = 4; lastKnownFileType = sourcecode.swift; path = AppDelegate.swift; sourceTree = "<group>"; };
		B92BD2691BEAC28C00053B0F /* CountdownToday.appex */ = {isa = PBXFileReference; explicitFileType = "wrapper.app-extension"; includeInIndex = 0; path = CountdownToday.appex; sourceTree = BUILT_PRODUCTS_DIR; };
		B92BD26A1BEAC28C00053B0F /* NotificationCenter.framework */ = {isa = PBXFileReference; lastKnownFileType = wrapper.framework; name = NotificationCenter.framework; path = System/Library/Frameworks/NotificationCenter.framework; sourceTree = SDKROOT; };
		B92BD27C1BEAC3A400053B0F /* Info.plist */ = {isa = PBXFileReference; fileEncoding = 4; lastKnownFileType = text.plist.xml; path = Info.plist; sourceTree = "<group>"; };
		B92BD27E1BEAC3A400053B0F /* TodayViewController.swift */ = {isa = PBXFileReference; fileEncoding = 4; lastKnownFileType = sourcecode.swift; path = TodayViewController.swift; sourceTree = "<group>"; };
		B92C7FDC1BD6E44D00BA939F /* CountdownViewModel.swift */ = {isa = PBXFileReference; fileEncoding = 4; lastKnownFileType = sourcecode.swift; name = CountdownViewModel.swift; path = ../../Countdown/Source/CountdownViewModel.swift; sourceTree = "<group>"; };
		B943787A1BD5859400843636 /* Timepiece.framework */ = {isa = PBXFileReference; lastKnownFileType = wrapper.framework; name = Timepiece.framework; path = Carthage/Build/iOS/Timepiece.framework; sourceTree = "<group>"; };
		B943787F1BD5860E00843636 /* Timepiece.framework.dSYM */ = {isa = PBXFileReference; lastKnownFileType = wrapper.dsym; name = Timepiece.framework.dSYM; path = Carthage/Build/iOS/Timepiece.framework.dSYM; sourceTree = "<group>"; };
		B94378811BD5866800843636 /* CountdownController.swift */ = {isa = PBXFileReference; fileEncoding = 4; lastKnownFileType = sourcecode.swift; path = CountdownController.swift; sourceTree = "<group>"; };
		B94378831BD587EE00843636 /* BirthdayController.swift */ = {isa = PBXFileReference; fileEncoding = 4; lastKnownFileType = sourcecode.swift; path = BirthdayController.swift; sourceTree = "<group>"; };
		B99AF4231BE18EF100F5C559 /* NSCalendar+Countdown.swift */ = {isa = PBXFileReference; fileEncoding = 4; lastKnownFileType = sourcecode.swift; name = "NSCalendar+Countdown.swift"; path = "../../Countdown/Source/NSCalendar+Countdown.swift"; sourceTree = "<group>"; };
		B9AAC2931BE425C600BE94A1 /* ReactiveCocoa.framework */ = {isa = PBXFileReference; lastKnownFileType = wrapper.framework; name = ReactiveCocoa.framework; path = Carthage/Build/iOS/ReactiveCocoa.framework; sourceTree = "<group>"; };
		B9AAC2941BE425C600BE94A1 /* Result.framework */ = {isa = PBXFileReference; lastKnownFileType = wrapper.framework; name = Result.framework; path = Carthage/Build/iOS/Result.framework; sourceTree = "<group>"; };
		B9AAC2971BE425E700BE94A1 /* ReactiveCocoa.framework.dSYM */ = {isa = PBXFileReference; lastKnownFileType = wrapper.dsym; name = ReactiveCocoa.framework.dSYM; path = Carthage/Build/iOS/ReactiveCocoa.framework.dSYM; sourceTree = "<group>"; };
		B9AAC2981BE425E700BE94A1 /* Result.framework.dSYM */ = {isa = PBXFileReference; lastKnownFileType = wrapper.dsym; name = Result.framework.dSYM; path = Carthage/Build/iOS/Result.framework.dSYM; sourceTree = "<group>"; };
		B9C0519F1BD2FBFE0046AD70 /* Common.xcconfig */ = {isa = PBXFileReference; lastKnownFileType = text.xcconfig; path = Common.xcconfig; sourceTree = "<group>"; };
		B9C051A11BD2FBFE0046AD70 /* Debug.xcconfig */ = {isa = PBXFileReference; lastKnownFileType = text.xcconfig; path = Debug.xcconfig; sourceTree = "<group>"; };
		B9C051A31BD2FBFE0046AD70 /* Release.xcconfig */ = {isa = PBXFileReference; lastKnownFileType = text.xcconfig; path = Release.xcconfig; sourceTree = "<group>"; };
		B9C051A61BD2FBFE0046AD70 /* Application.xcconfig */ = {isa = PBXFileReference; lastKnownFileType = text.xcconfig; path = Application.xcconfig; sourceTree = "<group>"; };
		B9C051AC1BD2FBFE0046AD70 /* iOS-Application.xcconfig */ = {isa = PBXFileReference; lastKnownFileType = text.xcconfig; path = "iOS-Application.xcconfig"; sourceTree = "<group>"; };
		B9C051AD1BD2FBFE0046AD70 /* iOS-Base.xcconfig */ = {isa = PBXFileReference; lastKnownFileType = text.xcconfig; path = "iOS-Base.xcconfig"; sourceTree = "<group>"; };
		B9E60F6D1BE819810054172D /* CountdownKit.framework */ = {isa = PBXFileReference; explicitFileType = wrapper.framework; includeInIndex = 0; path = CountdownKit.framework; sourceTree = BUILT_PRODUCTS_DIR; };
		B9E60F761BE819810054172D /* CountdownKitTests.xctest */ = {isa = PBXFileReference; explicitFileType = wrapper.cfbundle; includeInIndex = 0; path = CountdownKitTests.xctest; sourceTree = BUILT_PRODUCTS_DIR; };
		B9E60F951BE81A660054172D /* Info.plist */ = {isa = PBXFileReference; fileEncoding = 4; lastKnownFileType = text.plist.xml; path = Info.plist; sourceTree = "<group>"; };
		B9E60F971BE81A660054172D /* NSCalendarCountdownTests.swift */ = {isa = PBXFileReference; fileEncoding = 4; lastKnownFileType = sourcecode.swift; path = NSCalendarCountdownTests.swift; sourceTree = "<group>"; };
		B9E60F9C1BE81A930054172D /* Info.plist */ = {isa = PBXFileReference; fileEncoding = 4; lastKnownFileType = text.plist.xml; path = Info.plist; sourceTree = "<group>"; };
		B9E60F9E1BE81A930054172D /* CountdownKit.h */ = {isa = PBXFileReference; fileEncoding = 4; lastKnownFileType = sourcecode.c.h; path = CountdownKit.h; sourceTree = "<group>"; };
		B9E60FA11BE81CF30054172D /* Framework.xcconfig */ = {isa = PBXFileReference; lastKnownFileType = text.xcconfig; path = Framework.xcconfig; sourceTree = "<group>"; };
		B9E60FA21BE81D080054172D /* iOS-Framework.xcconfig */ = {isa = PBXFileReference; lastKnownFileType = text.xcconfig; path = "iOS-Framework.xcconfig"; sourceTree = "<group>"; };
/* End PBXFileReference section */

/* Begin PBXFrameworksBuildPhase section */
		B908EC611BD1A9AE004C1107 /* Frameworks */ = {
			isa = PBXFrameworksBuildPhase;
			buildActionMask = 2147483647;
			files = (
				B943787B1BD5859400843636 /* Timepiece.framework in Frameworks */,
				B9AAC2961BE425C600BE94A1 /* Result.framework in Frameworks */,
				B9AAC2951BE425C600BE94A1 /* ReactiveCocoa.framework in Frameworks */,
				B9E60F821BE819810054172D /* CountdownKit.framework in Frameworks */,
			);
			runOnlyForDeploymentPostprocessing = 0;
		};
		B908EC751BD1A9AF004C1107 /* Frameworks */ = {
			isa = PBXFrameworksBuildPhase;
			buildActionMask = 2147483647;
			files = (
				B9E60FA71BE81FBF0054172D /* Result.framework in Frameworks */,
				B9E60FA81BE81FC20054172D /* ReactiveCocoa.framework in Frameworks */,
			);
			runOnlyForDeploymentPostprocessing = 0;
		};
		B908EC801BD1A9AF004C1107 /* Frameworks */ = {
			isa = PBXFrameworksBuildPhase;
			buildActionMask = 2147483647;
			files = (
			);
			runOnlyForDeploymentPostprocessing = 0;
		};
		B92BD2661BEAC28C00053B0F /* Frameworks */ = {
			isa = PBXFrameworksBuildPhase;
			buildActionMask = 2147483647;
			files = (
				B92BD26B1BEAC28C00053B0F /* NotificationCenter.framework in Frameworks */,
			);
			runOnlyForDeploymentPostprocessing = 0;
		};
		B9E60F691BE819800054172D /* Frameworks */ = {
			isa = PBXFrameworksBuildPhase;
			buildActionMask = 2147483647;
			files = (
				B9E60FA51BE81EF20054172D /* Result.framework in Frameworks */,
				B9E60FA61BE81EF40054172D /* ReactiveCocoa.framework in Frameworks */,
			);
			runOnlyForDeploymentPostprocessing = 0;
		};
		B9E60F731BE819810054172D /* Frameworks */ = {
			isa = PBXFrameworksBuildPhase;
			buildActionMask = 2147483647;
			files = (
				B9E60F771BE819810054172D /* CountdownKit.framework in Frameworks */,
				B9E60FA91BE81FDD0054172D /* Result.framework in Frameworks */,
				B9E60FAA1BE81FE00054172D /* ReactiveCocoa.framework in Frameworks */,
			);
			runOnlyForDeploymentPostprocessing = 0;
		};
/* End PBXFrameworksBuildPhase section */

/* Begin PBXGroup section */
		B908EC5B1BD1A9AE004C1107 = {
			isa = PBXGroup;
			children = (
				B908ECA31BD1AAD7004C1107 /* Countdown */,
				B908EC9C1BD1AACF004C1107 /* CountdownTests */,
				B908EC951BD1AAC7004C1107 /* CountdownUITests */,
				B9E60F9A1BE81A930054172D /* CountdownKit */,
				B9E60F931BE81A660054172D /* CountdownKitTests */,
				B92BD27A1BEAC3A400053B0F /* CountdownToday */,
				B908EC651BD1A9AE004C1107 /* Products */,
				B9C0519C1BD2FBFE0046AD70 /* Configurations */,
				B943787C1BD5859900843636 /* Frameworks */,
			);
			sourceTree = "<group>";
		};
		B908EC651BD1A9AE004C1107 /* Products */ = {
			isa = PBXGroup;
			children = (
				B908EC641BD1A9AE004C1107 /* Countdown.app */,
				B908EC781BD1A9AF004C1107 /* CountdownTests.xctest */,
				B908EC831BD1A9AF004C1107 /* CountdownUITests.xctest */,
				B9E60F6D1BE819810054172D /* CountdownKit.framework */,
				B9E60F761BE819810054172D /* CountdownKitTests.xctest */,
				B92BD2691BEAC28C00053B0F /* CountdownToday.appex */,
			);
			name = Products;
			sourceTree = "<group>";
		};
		B908EC951BD1AAC7004C1107 /* CountdownUITests */ = {
			isa = PBXGroup;
			children = (
				B908EC981BD1AAC7004C1107 /* Source */,
				B908EC961BD1AAC7004C1107 /* Resources */,
			);
			path = CountdownUITests;
			sourceTree = "<group>";
		};
		B908EC961BD1AAC7004C1107 /* Resources */ = {
			isa = PBXGroup;
			children = (
				B908EC971BD1AAC7004C1107 /* Info.plist */,
			);
			path = Resources;
			sourceTree = "<group>";
		};
		B908EC981BD1AAC7004C1107 /* Source */ = {
			isa = PBXGroup;
			children = (
				B908EC991BD1AAC7004C1107 /* CountdownUITests.swift */,
			);
			path = Source;
			sourceTree = "<group>";
		};
		B908EC9C1BD1AACF004C1107 /* CountdownTests */ = {
			isa = PBXGroup;
			children = (
				B908EC9F1BD1AACF004C1107 /* Source */,
				B908EC9D1BD1AACF004C1107 /* Resources */,
			);
			path = CountdownTests;
			sourceTree = "<group>";
		};
		B908EC9D1BD1AACF004C1107 /* Resources */ = {
			isa = PBXGroup;
			children = (
				B908EC9E1BD1AACF004C1107 /* Info.plist */,
			);
			path = Resources;
			sourceTree = "<group>";
		};
		B908EC9F1BD1AACF004C1107 /* Source */ = {
			isa = PBXGroup;
			children = (
				B908ECA01BD1AACF004C1107 /* CountdownTests.swift */,
			);
			path = Source;
			sourceTree = "<group>";
		};
		B908ECA31BD1AAD7004C1107 /* Countdown */ = {
			isa = PBXGroup;
			children = (
				B908ECAB1BD1AAD7004C1107 /* Source */,
				B908ECA41BD1AAD7004C1107 /* Resources */,
			);
			path = Countdown;
			sourceTree = "<group>";
		};
		B908ECA41BD1AAD7004C1107 /* Resources */ = {
			isa = PBXGroup;
			children = (
				B908ECA51BD1AAD7004C1107 /* Assets.xcassets */,
				B908ECA61BD1AAD7004C1107 /* LaunchScreen.storyboard */,
				B908ECAA1BD1AAD7004C1107 /* Info.plist */,
			);
			path = Resources;
			sourceTree = "<group>";
		};
		B908ECAB1BD1AAD7004C1107 /* Source */ = {
			isa = PBXGroup;
			children = (
				B908ECAC1BD1AAD7004C1107 /* AppDelegate.swift */,
				B94378811BD5866800843636 /* CountdownController.swift */,
				B94378831BD587EE00843636 /* BirthdayController.swift */,
			);
			path = Source;
			sourceTree = "<group>";
		};
		B92BD27A1BEAC3A400053B0F /* CountdownToday */ = {
			isa = PBXGroup;
			children = (
				B92BD27D1BEAC3A400053B0F /* Source */,
				B92BD27B1BEAC3A400053B0F /* Resources */,
			);
			path = CountdownToday;
			sourceTree = "<group>";
		};
		B92BD27B1BEAC3A400053B0F /* Resources */ = {
			isa = PBXGroup;
			children = (
				B92BD27C1BEAC3A400053B0F /* Info.plist */,
			);
			path = Resources;
			sourceTree = "<group>";
		};
		B92BD27D1BEAC3A400053B0F /* Source */ = {
			isa = PBXGroup;
			children = (
				B92BD27E1BEAC3A400053B0F /* TodayViewController.swift */,
			);
			path = Source;
			sourceTree = "<group>";
		};
		B943787C1BD5859900843636 /* Frameworks */ = {
			isa = PBXGroup;
			children = (
				B9AAC2941BE425C600BE94A1 /* Result.framework */,
				B9AAC2981BE425E700BE94A1 /* Result.framework.dSYM */,
				B9AAC2931BE425C600BE94A1 /* ReactiveCocoa.framework */,
				B9AAC2971BE425E700BE94A1 /* ReactiveCocoa.framework.dSYM */,
				B943787A1BD5859400843636 /* Timepiece.framework */,
				B943787F1BD5860E00843636 /* Timepiece.framework.dSYM */,
				B92BD26A1BEAC28C00053B0F /* NotificationCenter.framework */,
			);
			name = Frameworks;
			sourceTree = "<group>";
		};
		B9C0519C1BD2FBFE0046AD70 /* Configurations */ = {
			isa = PBXGroup;
			children = (
				B9C0519E1BD2FBFE0046AD70 /* Base */,
				B9C051AB1BD2FBFE0046AD70 /* iOS */,
			);
			name = Configurations;
			path = Carthage/Checkouts/xcconfigs;
			sourceTree = "<group>";
		};
		B9C0519E1BD2FBFE0046AD70 /* Base */ = {
			isa = PBXGroup;
			children = (
				B9C0519F1BD2FBFE0046AD70 /* Common.xcconfig */,
				B9C051A01BD2FBFE0046AD70 /* Configurations */,
				B9C051A51BD2FBFE0046AD70 /* Targets */,
			);
			path = Base;
			sourceTree = "<group>";
		};
		B9C051A01BD2FBFE0046AD70 /* Configurations */ = {
			isa = PBXGroup;
			children = (
				B9C051A11BD2FBFE0046AD70 /* Debug.xcconfig */,
				B9C051A31BD2FBFE0046AD70 /* Release.xcconfig */,
			);
			path = Configurations;
			sourceTree = "<group>";
		};
		B9C051A51BD2FBFE0046AD70 /* Targets */ = {
			isa = PBXGroup;
			children = (
				B9C051A61BD2FBFE0046AD70 /* Application.xcconfig */,
				B9E60FA11BE81CF30054172D /* Framework.xcconfig */,
			);
			path = Targets;
			sourceTree = "<group>";
		};
		B9C051AB1BD2FBFE0046AD70 /* iOS */ = {
			isa = PBXGroup;
			children = (
				B9C051AC1BD2FBFE0046AD70 /* iOS-Application.xcconfig */,
				B9C051AD1BD2FBFE0046AD70 /* iOS-Base.xcconfig */,
				B9E60FA21BE81D080054172D /* iOS-Framework.xcconfig */,
			);
			path = iOS;
			sourceTree = "<group>";
		};
		B9E60F931BE81A660054172D /* CountdownKitTests */ = {
			isa = PBXGroup;
			children = (
				B9E60F961BE81A660054172D /* Source */,
				B9E60F941BE81A660054172D /* Resources */,
			);
			path = CountdownKitTests;
			sourceTree = "<group>";
		};
		B9E60F941BE81A660054172D /* Resources */ = {
			isa = PBXGroup;
			children = (
				B9E60F951BE81A660054172D /* Info.plist */,
			);
			path = Resources;
			sourceTree = "<group>";
		};
		B9E60F961BE81A660054172D /* Source */ = {
			isa = PBXGroup;
			children = (
				B9E60F971BE81A660054172D /* NSCalendarCountdownTests.swift */,
			);
			path = Source;
			sourceTree = "<group>";
		};
		B9E60F9A1BE81A930054172D /* CountdownKit */ = {
			isa = PBXGroup;
			children = (
				B9E60F9D1BE81A930054172D /* Source */,
				B9E60F9B1BE81A930054172D /* Resources */,
			);
			path = CountdownKit;
			sourceTree = "<group>";
		};
		B9E60F9B1BE81A930054172D /* Resources */ = {
			isa = PBXGroup;
			children = (
				B9E60F9C1BE81A930054172D /* Info.plist */,
			);
			path = Resources;
			sourceTree = "<group>";
		};
		B9E60F9D1BE81A930054172D /* Source */ = {
			isa = PBXGroup;
			children = (
				B9E60F9E1BE81A930054172D /* CountdownKit.h */,
				B92C7FDC1BD6E44D00BA939F /* CountdownViewModel.swift */,
				B99AF4231BE18EF100F5C559 /* NSCalendar+Countdown.swift */,
			);
			path = Source;
			sourceTree = "<group>";
		};
/* End PBXGroup section */

/* Begin PBXHeadersBuildPhase section */
		B9E60F6A1BE819800054172D /* Headers */ = {
			isa = PBXHeadersBuildPhase;
			buildActionMask = 2147483647;
			files = (
				B9E60FA01BE81A930054172D /* CountdownKit.h in Headers */,
			);
			runOnlyForDeploymentPostprocessing = 0;
		};
/* End PBXHeadersBuildPhase section */

/* Begin PBXNativeTarget section */
		B908EC631BD1A9AE004C1107 /* Countdown */ = {
			isa = PBXNativeTarget;
			buildConfigurationList = B908EC8C1BD1A9AF004C1107 /* Build configuration list for PBXNativeTarget "Countdown" */;
			buildPhases = (
				B908EC601BD1A9AE004C1107 /* Sources */,
				B908EC611BD1A9AE004C1107 /* Frameworks */,
				B908EC621BD1A9AE004C1107 /* Resources */,
				B943787E1BD585B600843636 /* Carthage - Copy Frameworks */,
				B943787D1BD585AD00843636 /* Carthage - Copy Debug Symbols */,
				B9E60F831BE819810054172D /* Embed Frameworks */,
				B92BD2791BEAC28D00053B0F /* Embed App Extensions */,
			);
			buildRules = (
			);
			dependencies = (
				B9E60F811BE819810054172D /* PBXTargetDependency */,
				B92BD2741BEAC28C00053B0F /* PBXTargetDependency */,
			);
			name = Countdown;
			productName = Countdown;
			productReference = B908EC641BD1A9AE004C1107 /* Countdown.app */;
			productType = "com.apple.product-type.application";
		};
		B908EC771BD1A9AF004C1107 /* CountdownTests */ = {
			isa = PBXNativeTarget;
			buildConfigurationList = B908EC8F1BD1A9AF004C1107 /* Build configuration list for PBXNativeTarget "CountdownTests" */;
			buildPhases = (
				B908EC741BD1A9AF004C1107 /* Sources */,
				B908EC751BD1A9AF004C1107 /* Frameworks */,
				B908EC761BD1A9AF004C1107 /* Resources */,
			);
			buildRules = (
			);
			dependencies = (
				B908EC7A1BD1A9AF004C1107 /* PBXTargetDependency */,
			);
			name = CountdownTests;
			productName = CountdownTests;
			productReference = B908EC781BD1A9AF004C1107 /* CountdownTests.xctest */;
			productType = "com.apple.product-type.bundle.unit-test";
		};
		B908EC821BD1A9AF004C1107 /* CountdownUITests */ = {
			isa = PBXNativeTarget;
			buildConfigurationList = B908EC921BD1A9AF004C1107 /* Build configuration list for PBXNativeTarget "CountdownUITests" */;
			buildPhases = (
				B908EC7F1BD1A9AF004C1107 /* Sources */,
				B908EC801BD1A9AF004C1107 /* Frameworks */,
				B908EC811BD1A9AF004C1107 /* Resources */,
			);
			buildRules = (
			);
			dependencies = (
				B908EC851BD1A9AF004C1107 /* PBXTargetDependency */,
			);
			name = CountdownUITests;
			productName = CountdownUITests;
			productReference = B908EC831BD1A9AF004C1107 /* CountdownUITests.xctest */;
			productType = "com.apple.product-type.bundle.ui-testing";
		};
		B92BD2681BEAC28C00053B0F /* CountdownToday */ = {
			isa = PBXNativeTarget;
			buildConfigurationList = B92BD2781BEAC28D00053B0F /* Build configuration list for PBXNativeTarget "CountdownToday" */;
			buildPhases = (
				B92BD2651BEAC28C00053B0F /* Sources */,
				B92BD2661BEAC28C00053B0F /* Frameworks */,
				B92BD2671BEAC28C00053B0F /* Resources */,
			);
			buildRules = (
			);
			dependencies = (
			);
			name = CountdownToday;
			productName = CountdownToday;
			productReference = B92BD2691BEAC28C00053B0F /* CountdownToday.appex */;
			productType = "com.apple.product-type.app-extension";
		};
		B9E60F6C1BE819800054172D /* CountdownKit */ = {
			isa = PBXNativeTarget;
			buildConfigurationList = B9E60F891BE819810054172D /* Build configuration list for PBXNativeTarget "CountdownKit" */;
			buildPhases = (
				B9E60F681BE819800054172D /* Sources */,
				B9E60F691BE819800054172D /* Frameworks */,
				B9E60F6A1BE819800054172D /* Headers */,
				B9E60F6B1BE819800054172D /* Resources */,
			);
			buildRules = (
			);
			dependencies = (
			);
			name = CountdownKit;
			productName = CountdownKit;
			productReference = B9E60F6D1BE819810054172D /* CountdownKit.framework */;
			productType = "com.apple.product-type.framework";
		};
		B9E60F751BE819810054172D /* CountdownKitTests */ = {
			isa = PBXNativeTarget;
			buildConfigurationList = B9E60F8A1BE819810054172D /* Build configuration list for PBXNativeTarget "CountdownKitTests" */;
			buildPhases = (
				B9E60F721BE819810054172D /* Sources */,
				B9E60F731BE819810054172D /* Frameworks */,
				B9E60F741BE819810054172D /* Resources */,
			);
			buildRules = (
			);
			dependencies = (
				B9E60F791BE819810054172D /* PBXTargetDependency */,
				B9E60F7B1BE819810054172D /* PBXTargetDependency */,
			);
			name = CountdownKitTests;
			productName = CountdownKitTests;
			productReference = B9E60F761BE819810054172D /* CountdownKitTests.xctest */;
			productType = "com.apple.product-type.bundle.unit-test";
		};
/* End PBXNativeTarget section */

/* Begin PBXProject section */
		B908EC5C1BD1A9AE004C1107 /* Project object */ = {
			isa = PBXProject;
			attributes = {
				LastSwiftUpdateCheck = 0710;
				LastUpgradeCheck = 0710;
				ORGANIZATIONNAME = "Julian Grosshauser";
				TargetAttributes = {
					B908EC631BD1A9AE004C1107 = {
						CreatedOnToolsVersion = 7.1;
					};
					B908EC771BD1A9AF004C1107 = {
						CreatedOnToolsVersion = 7.1;
						TestTargetID = B908EC631BD1A9AE004C1107;
					};
					B908EC821BD1A9AF004C1107 = {
						CreatedOnToolsVersion = 7.1;
						TestTargetID = B908EC631BD1A9AE004C1107;
					};
					B92BD2681BEAC28C00053B0F = {
						CreatedOnToolsVersion = 7.1;
					};
					B9E60F6C1BE819800054172D = {
						CreatedOnToolsVersion = 7.1;
					};
					B9E60F751BE819810054172D = {
						CreatedOnToolsVersion = 7.1;
						TestTargetID = B908EC631BD1A9AE004C1107;
					};
				};
			};
			buildConfigurationList = B908EC5F1BD1A9AE004C1107 /* Build configuration list for PBXProject "Countdown" */;
			compatibilityVersion = "Xcode 3.2";
			developmentRegion = English;
			hasScannedForEncodings = 0;
			knownRegions = (
				en,
				Base,
			);
			mainGroup = B908EC5B1BD1A9AE004C1107;
			productRefGroup = B908EC651BD1A9AE004C1107 /* Products */;
			projectDirPath = "";
			projectRoot = "";
			targets = (
				B908EC631BD1A9AE004C1107 /* Countdown */,
				B908EC771BD1A9AF004C1107 /* CountdownTests */,
				B908EC821BD1A9AF004C1107 /* CountdownUITests */,
				B9E60F6C1BE819800054172D /* CountdownKit */,
				B9E60F751BE819810054172D /* CountdownKitTests */,
				B92BD2681BEAC28C00053B0F /* CountdownToday */,
			);
		};
/* End PBXProject section */

/* Begin PBXResourcesBuildPhase section */
		B908EC621BD1A9AE004C1107 /* Resources */ = {
			isa = PBXResourcesBuildPhase;
			buildActionMask = 2147483647;
			files = (
				B908ECAD1BD1AAD7004C1107 /* Assets.xcassets in Resources */,
				B908ECAE1BD1AAD7004C1107 /* LaunchScreen.storyboard in Resources */,
			);
			runOnlyForDeploymentPostprocessing = 0;
		};
		B908EC761BD1A9AF004C1107 /* Resources */ = {
			isa = PBXResourcesBuildPhase;
			buildActionMask = 2147483647;
			files = (
			);
			runOnlyForDeploymentPostprocessing = 0;
		};
		B908EC811BD1A9AF004C1107 /* Resources */ = {
			isa = PBXResourcesBuildPhase;
			buildActionMask = 2147483647;
			files = (
			);
			runOnlyForDeploymentPostprocessing = 0;
		};
		B92BD2671BEAC28C00053B0F /* Resources */ = {
			isa = PBXResourcesBuildPhase;
			buildActionMask = 2147483647;
			files = (
			);
			runOnlyForDeploymentPostprocessing = 0;
		};
		B9E60F6B1BE819800054172D /* Resources */ = {
			isa = PBXResourcesBuildPhase;
			buildActionMask = 2147483647;
			files = (
			);
			runOnlyForDeploymentPostprocessing = 0;
		};
		B9E60F741BE819810054172D /* Resources */ = {
			isa = PBXResourcesBuildPhase;
			buildActionMask = 2147483647;
			files = (
			);
			runOnlyForDeploymentPostprocessing = 0;
		};
/* End PBXResourcesBuildPhase section */

/* Begin PBXShellScriptBuildPhase section */
		B943787E1BD585B600843636 /* Carthage - Copy Frameworks */ = {
			isa = PBXShellScriptBuildPhase;
			buildActionMask = 12;
			files = (
			);
			inputPaths = (
				"$(SRCROOT)/Carthage/Build/iOS/Timepiece.framework",
				"$(SRCROOT)/Carthage/Build/iOS/Result.framework",
				"$(SRCROOT)/Carthage/Build/iOS/ReactiveCocoa.framework",
			);
			name = "Carthage - Copy Frameworks";
			outputPaths = (
			);
			runOnlyForDeploymentPostprocessing = 0;
			shellPath = /bin/sh;
			shellScript = "/usr/local/bin/carthage copy-frameworks";
		};
/* End PBXShellScriptBuildPhase section */

/* Begin PBXSourcesBuildPhase section */
		B908EC601BD1A9AE004C1107 /* Sources */ = {
			isa = PBXSourcesBuildPhase;
			buildActionMask = 2147483647;
			files = (
				B908ECB11BD1AAD7004C1107 /* AppDelegate.swift in Sources */,
				B94378821BD5866800843636 /* CountdownController.swift in Sources */,
				B94378841BD587EE00843636 /* BirthdayController.swift in Sources */,
			);
			runOnlyForDeploymentPostprocessing = 0;
		};
		B908EC741BD1A9AF004C1107 /* Sources */ = {
			isa = PBXSourcesBuildPhase;
			buildActionMask = 2147483647;
			files = (
				B908ECA21BD1AACF004C1107 /* CountdownTests.swift in Sources */,
			);
			runOnlyForDeploymentPostprocessing = 0;
		};
		B908EC7F1BD1A9AF004C1107 /* Sources */ = {
			isa = PBXSourcesBuildPhase;
			buildActionMask = 2147483647;
			files = (
				B908EC9B1BD1AAC7004C1107 /* CountdownUITests.swift in Sources */,
			);
			runOnlyForDeploymentPostprocessing = 0;
		};
		B92BD2651BEAC28C00053B0F /* Sources */ = {
			isa = PBXSourcesBuildPhase;
			buildActionMask = 2147483647;
			files = (
				B92BD2801BEAC3A400053B0F /* TodayViewController.swift in Sources */,
			);
			runOnlyForDeploymentPostprocessing = 0;
		};
		B9E60F681BE819800054172D /* Sources */ = {
			isa = PBXSourcesBuildPhase;
			buildActionMask = 2147483647;
			files = (
				B9E60FA31BE81E480054172D /* CountdownViewModel.swift in Sources */,
				B9E60FA41BE81E4C0054172D /* NSCalendar+Countdown.swift in Sources */,
			);
			runOnlyForDeploymentPostprocessing = 0;
		};
		B9E60F721BE819810054172D /* Sources */ = {
			isa = PBXSourcesBuildPhase;
			buildActionMask = 2147483647;
			files = (
				B9E60F991BE81A660054172D /* NSCalendarCountdownTests.swift in Sources */,
			);
			runOnlyForDeploymentPostprocessing = 0;
		};
/* End PBXSourcesBuildPhase section */

/* Begin PBXTargetDependency section */
		B908EC7A1BD1A9AF004C1107 /* PBXTargetDependency */ = {
			isa = PBXTargetDependency;
			target = B908EC631BD1A9AE004C1107 /* Countdown */;
			targetProxy = B908EC791BD1A9AF004C1107 /* PBXContainerItemProxy */;
		};
		B908EC851BD1A9AF004C1107 /* PBXTargetDependency */ = {
			isa = PBXTargetDependency;
			target = B908EC631BD1A9AE004C1107 /* Countdown */;
			targetProxy = B908EC841BD1A9AF004C1107 /* PBXContainerItemProxy */;
		};
		B92BD2741BEAC28C00053B0F /* PBXTargetDependency */ = {
			isa = PBXTargetDependency;
			target = B92BD2681BEAC28C00053B0F /* CountdownToday */;
			targetProxy = B92BD2731BEAC28C00053B0F /* PBXContainerItemProxy */;
		};
		B9E60F791BE819810054172D /* PBXTargetDependency */ = {
			isa = PBXTargetDependency;
			target = B9E60F6C1BE819800054172D /* CountdownKit */;
			targetProxy = B9E60F781BE819810054172D /* PBXContainerItemProxy */;
		};
		B9E60F7B1BE819810054172D /* PBXTargetDependency */ = {
			isa = PBXTargetDependency;
			target = B908EC631BD1A9AE004C1107 /* Countdown */;
			targetProxy = B9E60F7A1BE819810054172D /* PBXContainerItemProxy */;
		};
		B9E60F811BE819810054172D /* PBXTargetDependency */ = {
			isa = PBXTargetDependency;
			target = B9E60F6C1BE819800054172D /* CountdownKit */;
			targetProxy = B9E60F801BE819810054172D /* PBXContainerItemProxy */;
		};
/* End PBXTargetDependency section */

/* Begin PBXVariantGroup section */
		B908ECA61BD1AAD7004C1107 /* LaunchScreen.storyboard */ = {
			isa = PBXVariantGroup;
			children = (
				B908ECA71BD1AAD7004C1107 /* Base */,
			);
			name = LaunchScreen.storyboard;
			sourceTree = "<group>";
		};
/* End PBXVariantGroup section */

/* Begin XCBuildConfiguration section */
		B908EC8A1BD1A9AF004C1107 /* Debug */ = {
			isa = XCBuildConfiguration;
			baseConfigurationReference = B9C051A11BD2FBFE0046AD70 /* Debug.xcconfig */;
			buildSettings = {
				ALWAYS_SEARCH_USER_PATHS = NO;
				CLANG_CXX_LANGUAGE_STANDARD = "gnu++0x";
				CLANG_CXX_LIBRARY = "libc++";
				CLANG_ENABLE_MODULES = YES;
				CLANG_ENABLE_OBJC_ARC = YES;
				CLANG_WARN_BOOL_CONVERSION = YES;
				CLANG_WARN_CONSTANT_CONVERSION = YES;
				CLANG_WARN_DIRECT_OBJC_ISA_USAGE = YES_ERROR;
				CLANG_WARN_EMPTY_BODY = YES;
				CLANG_WARN_ENUM_CONVERSION = YES;
				CLANG_WARN_INT_CONVERSION = YES;
				CLANG_WARN_OBJC_ROOT_CLASS = YES_ERROR;
				CLANG_WARN_UNREACHABLE_CODE = YES;
				CLANG_WARN__DUPLICATE_METHOD_MATCH = YES;
				"CODE_SIGN_IDENTITY[sdk=iphoneos*]" = "iPhone Developer";
				COPY_PHASE_STRIP = NO;
				DEBUG_INFORMATION_FORMAT = dwarf;
				ENABLE_STRICT_OBJC_MSGSEND = YES;
				ENABLE_TESTABILITY = YES;
				GCC_C_LANGUAGE_STANDARD = gnu99;
				GCC_DYNAMIC_NO_PIC = NO;
				GCC_NO_COMMON_BLOCKS = YES;
				GCC_OPTIMIZATION_LEVEL = 0;
				GCC_PREPROCESSOR_DEFINITIONS = (
					"DEBUG=1",
					"$(inherited)",
				);
				GCC_WARN_64_TO_32_BIT_CONVERSION = YES;
				GCC_WARN_ABOUT_RETURN_TYPE = YES_ERROR;
				GCC_WARN_UNDECLARED_SELECTOR = YES;
				GCC_WARN_UNINITIALIZED_AUTOS = YES_AGGRESSIVE;
				GCC_WARN_UNUSED_FUNCTION = YES;
				GCC_WARN_UNUSED_VARIABLE = YES;
				IPHONEOS_DEPLOYMENT_TARGET = 9.1;
				MTL_ENABLE_DEBUG_INFO = YES;
				ONLY_ACTIVE_ARCH = YES;
				SDKROOT = iphoneos;
				SWIFT_OPTIMIZATION_LEVEL = "-Onone";
				TARGETED_DEVICE_FAMILY = "1,2";
			};
			name = Debug;
		};
		B908EC8B1BD1A9AF004C1107 /* Release */ = {
			isa = XCBuildConfiguration;
			baseConfigurationReference = B9C051A31BD2FBFE0046AD70 /* Release.xcconfig */;
			buildSettings = {
				ALWAYS_SEARCH_USER_PATHS = NO;
				CLANG_CXX_LANGUAGE_STANDARD = "gnu++0x";
				CLANG_CXX_LIBRARY = "libc++";
				CLANG_ENABLE_MODULES = YES;
				CLANG_ENABLE_OBJC_ARC = YES;
				CLANG_WARN_BOOL_CONVERSION = YES;
				CLANG_WARN_CONSTANT_CONVERSION = YES;
				CLANG_WARN_DIRECT_OBJC_ISA_USAGE = YES_ERROR;
				CLANG_WARN_EMPTY_BODY = YES;
				CLANG_WARN_ENUM_CONVERSION = YES;
				CLANG_WARN_INT_CONVERSION = YES;
				CLANG_WARN_OBJC_ROOT_CLASS = YES_ERROR;
				CLANG_WARN_UNREACHABLE_CODE = YES;
				CLANG_WARN__DUPLICATE_METHOD_MATCH = YES;
				"CODE_SIGN_IDENTITY[sdk=iphoneos*]" = "iPhone Developer";
				COPY_PHASE_STRIP = NO;
				DEBUG_INFORMATION_FORMAT = "dwarf-with-dsym";
				ENABLE_NS_ASSERTIONS = NO;
				ENABLE_STRICT_OBJC_MSGSEND = YES;
				GCC_C_LANGUAGE_STANDARD = gnu99;
				GCC_NO_COMMON_BLOCKS = YES;
				GCC_WARN_64_TO_32_BIT_CONVERSION = YES;
				GCC_WARN_ABOUT_RETURN_TYPE = YES_ERROR;
				GCC_WARN_UNDECLARED_SELECTOR = YES;
				GCC_WARN_UNINITIALIZED_AUTOS = YES_AGGRESSIVE;
				GCC_WARN_UNUSED_FUNCTION = YES;
				GCC_WARN_UNUSED_VARIABLE = YES;
				IPHONEOS_DEPLOYMENT_TARGET = 9.1;
				MTL_ENABLE_DEBUG_INFO = NO;
				SDKROOT = iphoneos;
				TARGETED_DEVICE_FAMILY = "1,2";
				VALIDATE_PRODUCT = YES;
			};
			name = Release;
		};
		B908EC8D1BD1A9AF004C1107 /* Debug */ = {
			isa = XCBuildConfiguration;
			baseConfigurationReference = B9C051AC1BD2FBFE0046AD70 /* iOS-Application.xcconfig */;
			buildSettings = {
				ASSETCATALOG_COMPILER_APPICON_NAME = AppIcon;
				EMBEDDED_CONTENT_CONTAINS_SWIFT = YES;
				FRAMEWORK_SEARCH_PATHS = (
					"$(inherited)",
					"$(PROJECT_DIR)/Carthage/Build/iOS",
				);
				INFOPLIST_FILE = "$(TARGET_NAME)/Resources/Info.plist";
				LD_RUNPATH_SEARCH_PATHS = "$(inherited) @executable_path/Frameworks";
				PRODUCT_BUNDLE_IDENTIFIER = com.juliangrosshauser.Countdown;
				PRODUCT_NAME = "$(TARGET_NAME)";
			};
			name = Debug;
		};
		B908EC8E1BD1A9AF004C1107 /* Release */ = {
			isa = XCBuildConfiguration;
			baseConfigurationReference = B9C051AC1BD2FBFE0046AD70 /* iOS-Application.xcconfig */;
			buildSettings = {
				ASSETCATALOG_COMPILER_APPICON_NAME = AppIcon;
				EMBEDDED_CONTENT_CONTAINS_SWIFT = YES;
				FRAMEWORK_SEARCH_PATHS = (
					"$(inherited)",
					"$(PROJECT_DIR)/Carthage/Build/iOS",
				);
				INFOPLIST_FILE = "$(TARGET_NAME)/Resources/Info.plist";
				LD_RUNPATH_SEARCH_PATHS = "$(inherited) @executable_path/Frameworks";
				PRODUCT_BUNDLE_IDENTIFIER = com.juliangrosshauser.Countdown;
				PRODUCT_NAME = "$(TARGET_NAME)";
			};
			name = Release;
		};
		B908EC901BD1A9AF004C1107 /* Debug */ = {
			isa = XCBuildConfiguration;
			baseConfigurationReference = B9C051AC1BD2FBFE0046AD70 /* iOS-Application.xcconfig */;
			buildSettings = {
				BUNDLE_LOADER = "$(TEST_HOST)";
				FRAMEWORK_SEARCH_PATHS = (
					"$(inherited)",
					"$(PROJECT_DIR)/Carthage/Build/iOS",
				);
				INFOPLIST_FILE = "$(TARGET_NAME)/Resources/Info.plist";
				LD_RUNPATH_SEARCH_PATHS = "$(inherited) @executable_path/Frameworks @loader_path/Frameworks";
				PRODUCT_BUNDLE_IDENTIFIER = com.juliangrosshauser.CountdownTests;
				PRODUCT_NAME = "$(TARGET_NAME)";
				TEST_HOST = "$(BUILT_PRODUCTS_DIR)/Countdown.app/Countdown";
			};
			name = Debug;
		};
		B908EC911BD1A9AF004C1107 /* Release */ = {
			isa = XCBuildConfiguration;
			baseConfigurationReference = B9C051AC1BD2FBFE0046AD70 /* iOS-Application.xcconfig */;
			buildSettings = {
				BUNDLE_LOADER = "$(TEST_HOST)";
				FRAMEWORK_SEARCH_PATHS = (
					"$(inherited)",
					"$(PROJECT_DIR)/Carthage/Build/iOS",
				);
				INFOPLIST_FILE = "$(TARGET_NAME)/Resources/Info.plist";
				LD_RUNPATH_SEARCH_PATHS = "$(inherited) @executable_path/Frameworks @loader_path/Frameworks";
				PRODUCT_BUNDLE_IDENTIFIER = com.juliangrosshauser.CountdownTests;
				PRODUCT_NAME = "$(TARGET_NAME)";
				TEST_HOST = "$(BUILT_PRODUCTS_DIR)/Countdown.app/Countdown";
			};
			name = Release;
		};
		B908EC931BD1A9AF004C1107 /* Debug */ = {
			isa = XCBuildConfiguration;
			baseConfigurationReference = B9C051AC1BD2FBFE0046AD70 /* iOS-Application.xcconfig */;
			buildSettings = {
				INFOPLIST_FILE = "$(TARGET_NAME)/Resources/Info.plist";
				LD_RUNPATH_SEARCH_PATHS = "$(inherited) @executable_path/Frameworks @loader_path/Frameworks";
				PRODUCT_BUNDLE_IDENTIFIER = com.juliangrosshauser.CountdownUITests;
				PRODUCT_NAME = "$(TARGET_NAME)";
				TEST_TARGET_NAME = Countdown;
				USES_XCTRUNNER = YES;
			};
			name = Debug;
		};
		B908EC941BD1A9AF004C1107 /* Release */ = {
			isa = XCBuildConfiguration;
			baseConfigurationReference = B9C051AC1BD2FBFE0046AD70 /* iOS-Application.xcconfig */;
			buildSettings = {
				INFOPLIST_FILE = "$(TARGET_NAME)/Resources/Info.plist";
				LD_RUNPATH_SEARCH_PATHS = "$(inherited) @executable_path/Frameworks @loader_path/Frameworks";
				PRODUCT_BUNDLE_IDENTIFIER = com.juliangrosshauser.CountdownUITests;
				PRODUCT_NAME = "$(TARGET_NAME)";
				TEST_TARGET_NAME = Countdown;
				USES_XCTRUNNER = YES;
			};
			name = Release;
		};
		B92BD2761BEAC28D00053B0F /* Debug */ = {
			isa = XCBuildConfiguration;
			baseConfigurationReference = B9C051AC1BD2FBFE0046AD70 /* iOS-Application.xcconfig */;
			buildSettings = {
				INFOPLIST_FILE = "$(TARGET_NAME)/Resources/Info.plist";
				LD_RUNPATH_SEARCH_PATHS = "$(inherited) @executable_path/Frameworks @executable_path/../../Frameworks";
				PRODUCT_BUNDLE_IDENTIFIER = com.juliangrosshauser.Countdown.CountdownToday;
				PRODUCT_NAME = "$(TARGET_NAME)";
				SKIP_INSTALL = YES;
			};
			name = Debug;
		};
		B92BD2771BEAC28D00053B0F /* Release */ = {
			isa = XCBuildConfiguration;
			baseConfigurationReference = B9C051AC1BD2FBFE0046AD70 /* iOS-Application.xcconfig */;
			buildSettings = {
				INFOPLIST_FILE = "$(TARGET_NAME)/Resources/Info.plist";
				LD_RUNPATH_SEARCH_PATHS = "$(inherited) @executable_path/Frameworks @executable_path/../../Frameworks";
				PRODUCT_BUNDLE_IDENTIFIER = com.juliangrosshauser.Countdown.CountdownToday;
				PRODUCT_NAME = "$(TARGET_NAME)";
				SKIP_INSTALL = YES;
			};
			name = Release;
		};
		B9E60F851BE819810054172D /* Debug */ = {
			isa = XCBuildConfiguration;
			baseConfigurationReference = B9E60FA21BE81D080054172D /* iOS-Framework.xcconfig */;
			buildSettings = {
				APPLICATION_EXTENSION_API_ONLY = YES;
				CURRENT_PROJECT_VERSION = 1;
				DEFINES_MODULE = YES;
				DYLIB_COMPATIBILITY_VERSION = 1;
				DYLIB_CURRENT_VERSION = 1;
				DYLIB_INSTALL_NAME_BASE = "@rpath";
				FRAMEWORK_SEARCH_PATHS = (
					"$(inherited)",
					"$(PROJECT_DIR)/Carthage/Build/iOS",
				);
				INFOPLIST_FILE = "$(TARGET_NAME)/Resources/Info.plist";
				INSTALL_PATH = "$(LOCAL_LIBRARY_DIR)/Frameworks";
				LD_RUNPATH_SEARCH_PATHS = "$(inherited) @executable_path/Frameworks @loader_path/Frameworks";
				PRODUCT_BUNDLE_IDENTIFIER = com.juliangrosshauser.CountdownKit;
				PRODUCT_NAME = "$(TARGET_NAME)";
				SKIP_INSTALL = YES;
				VERSIONING_SYSTEM = "apple-generic";
				VERSION_INFO_PREFIX = "";
			};
			name = Debug;
		};
		B9E60F861BE819810054172D /* Release */ = {
			isa = XCBuildConfiguration;
			baseConfigurationReference = B9E60FA21BE81D080054172D /* iOS-Framework.xcconfig */;
			buildSettings = {
				APPLICATION_EXTENSION_API_ONLY = YES;
				CURRENT_PROJECT_VERSION = 1;
				DEFINES_MODULE = YES;
				DYLIB_COMPATIBILITY_VERSION = 1;
				DYLIB_CURRENT_VERSION = 1;
				DYLIB_INSTALL_NAME_BASE = "@rpath";
				FRAMEWORK_SEARCH_PATHS = (
					"$(inherited)",
					"$(PROJECT_DIR)/Carthage/Build/iOS",
				);
				INFOPLIST_FILE = "$(TARGET_NAME)/Resources/Info.plist";
				INSTALL_PATH = "$(LOCAL_LIBRARY_DIR)/Frameworks";
				LD_RUNPATH_SEARCH_PATHS = "$(inherited) @executable_path/Frameworks @loader_path/Frameworks";
				PRODUCT_BUNDLE_IDENTIFIER = com.juliangrosshauser.CountdownKit;
				PRODUCT_NAME = "$(TARGET_NAME)";
				SKIP_INSTALL = YES;
				VERSIONING_SYSTEM = "apple-generic";
				VERSION_INFO_PREFIX = "";
			};
			name = Release;
		};
		B9E60F871BE819810054172D /* Debug */ = {
			isa = XCBuildConfiguration;
			baseConfigurationReference = B9C051AC1BD2FBFE0046AD70 /* iOS-Application.xcconfig */;
			buildSettings = {
				FRAMEWORK_SEARCH_PATHS = (
					"$(inherited)",
					"$(PROJECT_DIR)/Carthage/Build/iOS",
				);
				INFOPLIST_FILE = "$(TARGET_NAME)/Resources/Info.plist";
				LD_RUNPATH_SEARCH_PATHS = "$(inherited) @executable_path/Frameworks @loader_path/Frameworks";
				PRODUCT_BUNDLE_IDENTIFIER = com.juliangrosshauser.CountdownKitTests;
				PRODUCT_NAME = "$(TARGET_NAME)";
				TEST_HOST = "$(BUILT_PRODUCTS_DIR)/Countdown.app/Countdown";
			};
			name = Debug;
		};
		B9E60F881BE819810054172D /* Release */ = {
			isa = XCBuildConfiguration;
			baseConfigurationReference = B9C051AC1BD2FBFE0046AD70 /* iOS-Application.xcconfig */;
			buildSettings = {
				FRAMEWORK_SEARCH_PATHS = (
					"$(inherited)",
					"$(PROJECT_DIR)/Carthage/Build/iOS",
				);
				INFOPLIST_FILE = "$(TARGET_NAME)/Resources/Info.plist";
				LD_RUNPATH_SEARCH_PATHS = "$(inherited) @executable_path/Frameworks @loader_path/Frameworks";
				PRODUCT_BUNDLE_IDENTIFIER = com.juliangrosshauser.CountdownKitTests;
				PRODUCT_NAME = "$(TARGET_NAME)";
				TEST_HOST = "$(BUILT_PRODUCTS_DIR)/Countdown.app/Countdown";
			};
			name = Release;
		};
/* End XCBuildConfiguration section */

/* Begin XCConfigurationList section */
		B908EC5F1BD1A9AE004C1107 /* Build configuration list for PBXProject "Countdown" */ = {
			isa = XCConfigurationList;
			buildConfigurations = (
				B908EC8A1BD1A9AF004C1107 /* Debug */,
				B908EC8B1BD1A9AF004C1107 /* Release */,
			);
			defaultConfigurationIsVisible = 0;
			defaultConfigurationName = Release;
		};
		B908EC8C1BD1A9AF004C1107 /* Build configuration list for PBXNativeTarget "Countdown" */ = {
			isa = XCConfigurationList;
			buildConfigurations = (
				B908EC8D1BD1A9AF004C1107 /* Debug */,
				B908EC8E1BD1A9AF004C1107 /* Release */,
			);
			defaultConfigurationIsVisible = 0;
			defaultConfigurationName = Release;
		};
		B908EC8F1BD1A9AF004C1107 /* Build configuration list for PBXNativeTarget "CountdownTests" */ = {
			isa = XCConfigurationList;
			buildConfigurations = (
				B908EC901BD1A9AF004C1107 /* Debug */,
				B908EC911BD1A9AF004C1107 /* Release */,
			);
			defaultConfigurationIsVisible = 0;
			defaultConfigurationName = Release;
		};
		B908EC921BD1A9AF004C1107 /* Build configuration list for PBXNativeTarget "CountdownUITests" */ = {
			isa = XCConfigurationList;
			buildConfigurations = (
				B908EC931BD1A9AF004C1107 /* Debug */,
				B908EC941BD1A9AF004C1107 /* Release */,
			);
			defaultConfigurationIsVisible = 0;
			defaultConfigurationName = Release;
		};
		B92BD2781BEAC28D00053B0F /* Build configuration list for PBXNativeTarget "CountdownToday" */ = {
			isa = XCConfigurationList;
			buildConfigurations = (
				B92BD2761BEAC28D00053B0F /* Debug */,
				B92BD2771BEAC28D00053B0F /* Release */,
			);
			defaultConfigurationIsVisible = 0;
			defaultConfigurationName = Release;
		};
		B9E60F891BE819810054172D /* Build configuration list for PBXNativeTarget "CountdownKit" */ = {
			isa = XCConfigurationList;
			buildConfigurations = (
				B9E60F851BE819810054172D /* Debug */,
				B9E60F861BE819810054172D /* Release */,
			);
			defaultConfigurationIsVisible = 0;
			defaultConfigurationName = Release;
		};
		B9E60F8A1BE819810054172D /* Build configuration list for PBXNativeTarget "CountdownKitTests" */ = {
			isa = XCConfigurationList;
			buildConfigurations = (
				B9E60F871BE819810054172D /* Debug */,
				B9E60F881BE819810054172D /* Release */,
			);
			defaultConfigurationIsVisible = 0;
			defaultConfigurationName = Release;
		};
/* End XCConfigurationList section */
	};
	rootObject = B908EC5C1BD1A9AE004C1107 /* Project object */;
}
